Microsoft Visual Studio Solution File, Format Version 11.00
# Visual Studio 2010
Project("{2150E333-8FDC-42A3-9474-1A3956D46DE8}") = "References", "References", "{A859C0A7-A00F-451B-90A9-925BF8E7EE80}"
	ProjectSection(SolutionItems) = preProject
		References\DataLayer.dll = References\DataLayer.dll
		References\DataLayer.pdb = References\DataLayer.pdb
		References\DataLayer.xml = References\DataLayer.xml
		References\RJS.Web.WebControl.PopCalendar.dll = References\RJS.Web.WebControl.PopCalendar.dll
		References\Utility.dll = References\Utility.dll
		References\Utility.pdb = References\Utility.pdb
		References\UtilityXMLDoc.xml = References\UtilityXMLDoc.xml
	EndProjectSection
EndProject
Project("{2150E333-8FDC-42A3-9474-1A3956D46DE8}") = "Solution Items", "Solution Items", "{F27F4274-293B-47E6-9FD8-3587D5337E23}"
	ProjectSection(SolutionItems) = preProject
		IGRSS_Final3.vsmdi = IGRSS_Final3.vsmdi
		localtestrun.testrunconfig = localtestrun.testrunconfig
	EndProjectSection
EndProject
Project("{FAE04EC0-301F-11D3-BF4B-00C04F79EFBC}") = "BusinessLayer", "BusinessLayer\BusinessLayer.csproj", "{BA054258-5CDC-4529-B85E-D5D9355ED34E}"
EndProject
Project("{2CFEAB61-6A3B-4EB8-B523-560B4BEEF521}") = "IGRSSWebApp_deploy", "IGRSSWebApp_deploy\IGRSSWebApp_deploy.wdproj", "{5DBCC8EB-DC29-4213-9182-F14FF412F5EA}"
EndProject
Project("{E24C65DC-7377-472B-9ABA-BC803B73C61A}") = "IgrssWebservices", "IgrssWebservices\", "{E40E3BD9-21FB-48FA-9983-7422B6A1BE36}"
	ProjectSection(WebsiteProperties) = preProject
		SccProjectName = ""
		SccAuxPath = ""
		SccLocalPath = ""
		SccProvider = ""
		TargetFrameworkMoniker = ".NETFramework,Version%3Dv2.0"
		ProjectReferences = ""
		Debug.AspNetCompiler.VirtualPath = "/IgrssWebServices"
		Debug.AspNetCompiler.PhysicalPath = "IgrssWebServices\"
		Debug.AspNetCompiler.TargetPath = "PrecompiledWeb\IgrssWebServices\"
		Debug.AspNetCompiler.Updateable = "true"
		Debug.AspNetCompiler.ForceOverwrite = "true"
		Debug.AspNetCompiler.FixedNames = "false"
		Debug.AspNetCompiler.Debug = "True"
		Release.AspNetCompiler.VirtualPath = "/IgrssWebServices"
		Release.AspNetCompiler.PhysicalPath = "IgrssWebServices\"
		Release.AspNetCompiler.TargetPath = "PrecompiledWeb\IgrssWebServices\"
		Release.AspNetCompiler.Updateable = "true"
		Release.AspNetCompiler.ForceOverwrite = "true"
		Release.AspNetCompiler.FixedNames = "false"
		Release.AspNetCompiler.Debug = "False"
		VWDPort = "50970"
		DefaultWebSiteLanguage = "Visual C#"
	EndProjectSection
EndProject
Project("{FAE04EC0-301F-11D3-BF4B-00C04F79EFBC}") = "UnitTest", "UnitTest\UnitTest.csproj", "{50B64119-6A7B-4F5B-8C9F-21C083A3306D}"
EndProject
Project("{FAE04EC0-301F-11D3-BF4B-00C04F79EFBC}") = "IgrssTest", "IgrssTest\IgrssTest.csproj", "{A151B7E1-7251-4642-9E61-1E1ACEDB6A3E}"
EndProject
Project("{FAE04EC0-301F-11D3-BF4B-00C04F79EFBC}") = "IgrssInstallerActions", "IgrssInstallerActions\IgrssInstallerActions.csproj", "{307E9672-A4C0-4DBC-9A0F-D5C06F1C15DA}"
EndProject
Project("{F14B399A-7131-4C87-9E4B-1186C45EF12D}") = "IGRSS Reports", "IGRSS Reports\IGRSS Reports.rptproj", "{A3BD8228-99B3-4E2E-BD0E-D7B7BADC02C8}"
EndProject
Project("{54435603-DBB4-11D2-8724-00A0C9A8B90C}") = "IGRSS WebSetup", "IGRSS WebSetup\IGRSS WebSetup.vdproj", "{E72ED6DB-2499-4AB5-AE10-87FDB017625B}"
EndProject
Project("{E24C65DC-7377-472B-9ABA-BC803B73C61A}") = "WebApp", "WebApp\", "{126F9A4C-B80D-4E2C-9EF1-DD9EB0002EFE}"
	ProjectSection(WebsiteProperties) = preProject
		SccProjectName = ""
		SccAuxPath = ""
		SccLocalPath = ""
		SccProvider = ""
		TargetFrameworkMoniker = ".NETFramework,Version%3Dv2.0"
		ProjectReferences = "{BA054258-5CDC-4529-B85E-D5D9355ED34E}|BusinessLayer.dll;"
		Debug.AspNetCompiler.VirtualPath = "/WebApp"
		Debug.AspNetCompiler.PhysicalPath = "WebApp\"
		Debug.AspNetCompiler.TargetPath = "PrecompiledWeb\WebApp\"
		Debug.AspNetCompiler.Updateable = "true"
		Debug.AspNetCompiler.ForceOverwrite = "true"
		Debug.AspNetCompiler.FixedNames = "false"
		Debug.AspNetCompiler.Debug = "True"
		Release.AspNetCompiler.VirtualPath = "/WebApp"
		Release.AspNetCompiler.PhysicalPath = "WebApp\"
		Release.AspNetCompiler.TargetPath = "PrecompiledWeb\WebApp\"
		Release.AspNetCompiler.Updateable = "true"
		Release.AspNetCompiler.ForceOverwrite = "true"
		Release.AspNetCompiler.FixedNames = "false"
		Release.AspNetCompiler.Debug = "False"
		VWDPort = "2861"
		VWDDynamicPort = "false"
	EndProjectSection
EndProject
Project("{54435603-DBB4-11D2-8724-00A0C9A8B90C}") = "SDC Setup", "SDC Setup\SDC Setup.vdproj", "{35531058-750D-4F30-9785-A7A38B06E3FF}"
EndProject
Global
	GlobalSection(SolutionConfigurationPlatforms) = preSolution
		Daily Build|.NET = Daily Build|.NET
		Daily Build|Any CPU = Daily Build|Any CPU
		Daily Build|Mixed Platforms = Daily Build|Mixed Platforms
		Debug|.NET = Debug|.NET
		Debug|Any CPU = Debug|Any CPU
		Debug|Mixed Platforms = Debug|Mixed Platforms
		DebugLocal|.NET = DebugLocal|.NET
		DebugLocal|Any CPU = DebugLocal|Any CPU
		DebugLocal|Mixed Platforms = DebugLocal|Mixed Platforms
		Production|.NET = Production|.NET
		Production|Any CPU = Production|Any CPU
		Production|Mixed Platforms = Production|Mixed Platforms
		QA|.NET = QA|.NET
		QA|Any CPU = QA|Any CPU
		QA|Mixed Platforms = QA|Mixed Platforms
		Release|.NET = Release|.NET
		Release|Any CPU = Release|Any CPU
		Release|Mixed Platforms = Release|Mixed Platforms
	EndGlobalSection
	GlobalSection(ProjectConfigurationPlatforms) = postSolution
		{BA054258-5CDC-4529-B85E-D5D9355ED34E}.Daily Build|.NET.ActiveCfg = Daily Build|Any CPU
		{BA054258-5CDC-4529-B85E-D5D9355ED34E}.Daily Build|Any CPU.ActiveCfg = Daily Build|Any CPU
		{BA054258-5CDC-4529-B85E-D5D9355ED34E}.Daily Build|Any CPU.Build.0 = Daily Build|Any CPU
		{BA054258-5CDC-4529-B85E-D5D9355ED34E}.Daily Build|Mixed Platforms.ActiveCfg = Daily Build|Any CPU
		{BA054258-5CDC-4529-B85E-D5D9355ED34E}.Daily Build|Mixed Platforms.Build.0 = Daily Build|Any CPU
		{BA054258-5CDC-4529-B85E-D5D9355ED34E}.Debug|.NET.ActiveCfg = Debug|Any CPU
		{BA054258-5CDC-4529-B85E-D5D9355ED34E}.Debug|.NET.Build.0 = Debug|Any CPU
		{BA054258-5CDC-4529-B85E-D5D9355ED34E}.Debug|Any CPU.ActiveCfg = Debug|Any CPU
		{BA054258-5CDC-4529-B85E-D5D9355ED34E}.Debug|Any CPU.Build.0 = Debug|Any CPU
		{BA054258-5CDC-4529-B85E-D5D9355ED34E}.Debug|Mixed Platforms.ActiveCfg = Debug|Any CPU
		{BA054258-5CDC-4529-B85E-D5D9355ED34E}.Debug|Mixed Platforms.Build.0 = Debug|Any CPU
		{BA054258-5CDC-4529-B85E-D5D9355ED34E}.DebugLocal|.NET.ActiveCfg = Debug|Any CPU
		{BA054258-5CDC-4529-B85E-D5D9355ED34E}.DebugLocal|Any CPU.ActiveCfg = Debug|Any CPU
		{BA054258-5CDC-4529-B85E-D5D9355ED34E}.DebugLocal|Any CPU.Build.0 = Debug|Any CPU
		{BA054258-5CDC-4529-B85E-D5D9355ED34E}.DebugLocal|Mixed Platforms.ActiveCfg = Debug|Any CPU
		{BA054258-5CDC-4529-B85E-D5D9355ED34E}.DebugLocal|Mixed Platforms.Build.0 = Debug|Any CPU
		{BA054258-5CDC-4529-B85E-D5D9355ED34E}.Production|.NET.ActiveCfg = Release|Any CPU
		{BA054258-5CDC-4529-B85E-D5D9355ED34E}.Production|Any CPU.ActiveCfg = Release|Any CPU
		{BA054258-5CDC-4529-B85E-D5D9355ED34E}.Production|Any CPU.Build.0 = Release|Any CPU
		{BA054258-5CDC-4529-B85E-D5D9355ED34E}.Production|Mixed Platforms.ActiveCfg = Release|Any CPU
		{BA054258-5CDC-4529-B85E-D5D9355ED34E}.Production|Mixed Platforms.Build.0 = Release|Any CPU
		{BA054258-5CDC-4529-B85E-D5D9355ED34E}.QA|.NET.ActiveCfg = QA|Any CPU
		{BA054258-5CDC-4529-B85E-D5D9355ED34E}.QA|Any CPU.ActiveCfg = QA|Any CPU
		{BA054258-5CDC-4529-B85E-D5D9355ED34E}.QA|Any CPU.Build.0 = QA|Any CPU
		{BA054258-5CDC-4529-B85E-D5D9355ED34E}.QA|Mixed Platforms.ActiveCfg = QA|Any CPU
		{BA054258-5CDC-4529-B85E-D5D9355ED34E}.QA|Mixed Platforms.Build.0 = QA|Any CPU
		{BA054258-5CDC-4529-B85E-D5D9355ED34E}.Release|.NET.ActiveCfg = Release|Any CPU
		{BA054258-5CDC-4529-B85E-D5D9355ED34E}.Release|Any CPU.ActiveCfg = Release|Any CPU
		{BA054258-5CDC-4529-B85E-D5D9355ED34E}.Release|Any CPU.Build.0 = Release|Any CPU
		{BA054258-5CDC-4529-B85E-D5D9355ED34E}.Release|Mixed Platforms.ActiveCfg = Release|Any CPU
		{BA054258-5CDC-4529-B85E-D5D9355ED34E}.Release|Mixed Platforms.Build.0 = Release|Any CPU
		{5DBCC8EB-DC29-4213-9182-F14FF412F5EA}.Daily Build|.NET.ActiveCfg = Daily Build|Any CPU
		{5DBCC8EB-DC29-4213-9182-F14FF412F5EA}.Daily Build|Any CPU.ActiveCfg = Daily Build|Any CPU
		{5DBCC8EB-DC29-4213-9182-F14FF412F5EA}.Daily Build|Any CPU.Build.0 = Daily Build|Any CPU
		{5DBCC8EB-DC29-4213-9182-F14FF412F5EA}.Daily Build|Mixed Platforms.ActiveCfg = Daily Build|Any CPU
		{5DBCC8EB-DC29-4213-9182-F14FF412F5EA}.Daily Build|Mixed Platforms.Build.0 = Daily Build|Any CPU
		{5DBCC8EB-DC29-4213-9182-F14FF412F5EA}.Debug|.NET.ActiveCfg = Debug|Any CPU
		{5DBCC8EB-DC29-4213-9182-F14FF412F5EA}.Debug|Any CPU.ActiveCfg = Debug|Any CPU
		{5DBCC8EB-DC29-4213-9182-F14FF412F5EA}.Debug|Any CPU.Build.0 = Debug|Any CPU
		{5DBCC8EB-DC29-4213-9182-F14FF412F5EA}.Debug|Mixed Platforms.ActiveCfg = Debug|Any CPU
		{5DBCC8EB-DC29-4213-9182-F14FF412F5EA}.Debug|Mixed Platforms.Build.0 = Debug|Any CPU
		{5DBCC8EB-DC29-4213-9182-F14FF412F5EA}.DebugLocal|.NET.ActiveCfg = Debug|Any CPU
		{5DBCC8EB-DC29-4213-9182-F14FF412F5EA}.DebugLocal|Any CPU.ActiveCfg = Debug|Any CPU
		{5DBCC8EB-DC29-4213-9182-F14FF412F5EA}.DebugLocal|Mixed Platforms.ActiveCfg = Debug|Any CPU
		{5DBCC8EB-DC29-4213-9182-F14FF412F5EA}.Production|.NET.ActiveCfg = Release|Any CPU
		{5DBCC8EB-DC29-4213-9182-F14FF412F5EA}.Production|Any CPU.ActiveCfg = Release|Any CPU
		{5DBCC8EB-DC29-4213-9182-F14FF412F5EA}.Production|Mixed Platforms.ActiveCfg = Release|Any CPU
		{5DBCC8EB-DC29-4213-9182-F14FF412F5EA}.QA|.NET.ActiveCfg = QA|Any CPU
		{5DBCC8EB-DC29-4213-9182-F14FF412F5EA}.QA|Any CPU.ActiveCfg = QA|Any CPU
		{5DBCC8EB-DC29-4213-9182-F14FF412F5EA}.QA|Any CPU.Build.0 = QA|Any CPU
		{5DBCC8EB-DC29-4213-9182-F14FF412F5EA}.QA|Mixed Platforms.ActiveCfg = QA|Any CPU
		{5DBCC8EB-DC29-4213-9182-F14FF412F5EA}.QA|Mixed Platforms.Build.0 = QA|Any CPU
		{5DBCC8EB-DC29-4213-9182-F14FF412F5EA}.Release|.NET.ActiveCfg = Release|Any CPU
		{5DBCC8EB-DC29-4213-9182-F14FF412F5EA}.Release|Any CPU.ActiveCfg = Release|Any CPU
		{5DBCC8EB-DC29-4213-9182-F14FF412F5EA}.Release|Any CPU.Build.0 = Release|Any CPU
		{5DBCC8EB-DC29-4213-9182-F14FF412F5EA}.Release|Mixed Platforms.ActiveCfg = Release|Any CPU
		{5DBCC8EB-DC29-4213-9182-F14FF412F5EA}.Release|Mixed Platforms.Build.0 = Release|Any CPU
		{E40E3BD9-21FB-48FA-9983-7422B6A1BE36}.Daily Build|.NET.ActiveCfg = Debug|.NET
		{E40E3BD9-21FB-48FA-9983-7422B6A1BE36}.Daily Build|.NET.Build.0 = Debug|.NET
		{E40E3BD9-21FB-48FA-9983-7422B6A1BE36}.Daily Build|Any CPU.ActiveCfg = Debug|.NET
		{E40E3BD9-21FB-48FA-9983-7422B6A1BE36}.Daily Build|Mixed Platforms.ActiveCfg = Debug|.NET
		{E40E3BD9-21FB-48FA-9983-7422B6A1BE36}.Daily Build|Mixed Platforms.Build.0 = Debug|.NET
		{E40E3BD9-21FB-48FA-9983-7422B6A1BE36}.Debug|.NET.ActiveCfg = Debug|.NET
		{E40E3BD9-21FB-48FA-9983-7422B6A1BE36}.Debug|.NET.Build.0 = Debug|.NET
		{E40E3BD9-21FB-48FA-9983-7422B6A1BE36}.Debug|Any CPU.ActiveCfg = Debug|.NET
		{E40E3BD9-21FB-48FA-9983-7422B6A1BE36}.Debug|Mixed Platforms.ActiveCfg = Debug|.NET
		{E40E3BD9-21FB-48FA-9983-7422B6A1BE36}.Debug|Mixed Platforms.Build.0 = Debug|.NET
		{E40E3BD9-21FB-48FA-9983-7422B6A1BE36}.DebugLocal|.NET.ActiveCfg = Debug|.NET
		{E40E3BD9-21FB-48FA-9983-7422B6A1BE36}.DebugLocal|.NET.Build.0 = Debug|.NET
		{E40E3BD9-21FB-48FA-9983-7422B6A1BE36}.DebugLocal|Any CPU.ActiveCfg = Debug|.NET
		{E40E3BD9-21FB-48FA-9983-7422B6A1BE36}.DebugLocal|Mixed Platforms.ActiveCfg = Debug|.NET
		{E40E3BD9-21FB-48FA-9983-7422B6A1BE36}.DebugLocal|Mixed Platforms.Build.0 = Debug|.NET
		{E40E3BD9-21FB-48FA-9983-7422B6A1BE36}.Production|.NET.ActiveCfg = Debug|.NET
		{E40E3BD9-21FB-48FA-9983-7422B6A1BE36}.Production|.NET.Build.0 = Debug|.NET
		{E40E3BD9-21FB-48FA-9983-7422B6A1BE36}.Production|Any CPU.ActiveCfg = Debug|.NET
		{E40E3BD9-21FB-48FA-9983-7422B6A1BE36}.Production|Mixed Platforms.ActiveCfg = Debug|.NET
		{E40E3BD9-21FB-48FA-9983-7422B6A1BE36}.Production|Mixed Platforms.Build.0 = Debug|.NET
		{E40E3BD9-21FB-48FA-9983-7422B6A1BE36}.QA|.NET.ActiveCfg = Debug|.NET
		{E40E3BD9-21FB-48FA-9983-7422B6A1BE36}.QA|.NET.Build.0 = Debug|.NET
		{E40E3BD9-21FB-48FA-9983-7422B6A1BE36}.QA|Any CPU.ActiveCfg = Debug|.NET
		{E40E3BD9-21FB-48FA-9983-7422B6A1BE36}.QA|Mixed Platforms.ActiveCfg = Debug|.NET
		{E40E3BD9-21FB-48FA-9983-7422B6A1BE36}.QA|Mixed Platforms.Build.0 = Debug|.NET
		{E40E3BD9-21FB-48FA-9983-7422B6A1BE36}.Release|.NET.ActiveCfg = Debug|.NET
		{E40E3BD9-21FB-48FA-9983-7422B6A1BE36}.Release|.NET.Build.0 = Debug|.NET
		{E40E3BD9-21FB-48FA-9983-7422B6A1BE36}.Release|Any CPU.ActiveCfg = Debug|.NET
		{E40E3BD9-21FB-48FA-9983-7422B6A1BE36}.Release|Mixed Platforms.ActiveCfg = Debug|.NET
		{E40E3BD9-21FB-48FA-9983-7422B6A1BE36}.Release|Mixed Platforms.Build.0 = Debug|.NET
		{50B64119-6A7B-4F5B-8C9F-21C083A3306D}.Daily Build|.NET.ActiveCfg = Debug|Any CPU
		{50B64119-6A7B-4F5B-8C9F-21C083A3306D}.Daily Build|Any CPU.ActiveCfg = Debug|Any CPU
		{50B64119-6A7B-4F5B-8C9F-21C083A3306D}.Daily Build|Any CPU.Build.0 = Debug|Any CPU
		{50B64119-6A7B-4F5B-8C9F-21C083A3306D}.Daily Build|Mixed Platforms.ActiveCfg = Debug|Any CPU
		{50B64119-6A7B-4F5B-8C9F-21C083A3306D}.Daily Build|Mixed Platforms.Build.0 = Debug|Any CPU
		{50B64119-6A7B-4F5B-8C9F-21C083A3306D}.Debug|.NET.ActiveCfg = Debug|Any CPU
		{50B64119-6A7B-4F5B-8C9F-21C083A3306D}.Debug|Any CPU.ActiveCfg = Debug|Any CPU
		{50B64119-6A7B-4F5B-8C9F-21C083A3306D}.Debug|Any CPU.Build.0 = Debug|Any CPU
		{50B64119-6A7B-4F5B-8C9F-21C083A3306D}.Debug|Mixed Platforms.ActiveCfg = Debug|Any CPU
		{50B64119-6A7B-4F5B-8C9F-21C083A3306D}.Debug|Mixed Platforms.Build.0 = Debug|Any CPU
		{50B64119-6A7B-4F5B-8C9F-21C083A3306D}.DebugLocal|.NET.ActiveCfg = Debug|Any CPU
		{50B64119-6A7B-4F5B-8C9F-21C083A3306D}.DebugLocal|Any CPU.ActiveCfg = Debug|Any CPU
		{50B64119-6A7B-4F5B-8C9F-21C083A3306D}.DebugLocal|Any CPU.Build.0 = Debug|Any CPU
		{50B64119-6A7B-4F5B-8C9F-21C083A3306D}.DebugLocal|Mixed Platforms.ActiveCfg = Debug|Any CPU
		{50B64119-6A7B-4F5B-8C9F-21C083A3306D}.DebugLocal|Mixed Platforms.Build.0 = Debug|Any CPU
		{50B64119-6A7B-4F5B-8C9F-21C083A3306D}.Production|.NET.ActiveCfg = Release|Any CPU
		{50B64119-6A7B-4F5B-8C9F-21C083A3306D}.Production|Any CPU.ActiveCfg = Release|Any CPU
		{50B64119-6A7B-4F5B-8C9F-21C083A3306D}.Production|Any CPU.Build.0 = Release|Any CPU
		{50B64119-6A7B-4F5B-8C9F-21C083A3306D}.Production|Mixed Platforms.ActiveCfg = Release|Any CPU
		{50B64119-6A7B-4F5B-8C9F-21C083A3306D}.Production|Mixed Platforms.Build.0 = Release|Any CPU
		{50B64119-6A7B-4F5B-8C9F-21C083A3306D}.QA|.NET.ActiveCfg = Release|Any CPU
		{50B64119-6A7B-4F5B-8C9F-21C083A3306D}.QA|Any CPU.ActiveCfg = Release|Any CPU
		{50B64119-6A7B-4F5B-8C9F-21C083A3306D}.QA|Any CPU.Build.0 = Release|Any CPU
		{50B64119-6A7B-4F5B-8C9F-21C083A3306D}.QA|Mixed Platforms.ActiveCfg = Release|Any CPU
		{50B64119-6A7B-4F5B-8C9F-21C083A3306D}.QA|Mixed Platforms.Build.0 = Release|Any CPU
		{50B64119-6A7B-4F5B-8C9F-21C083A3306D}.Release|.NET.ActiveCfg = Release|Any CPU
		{50B64119-6A7B-4F5B-8C9F-21C083A3306D}.Release|Any CPU.ActiveCfg = Release|Any CPU
		{50B64119-6A7B-4F5B-8C9F-21C083A3306D}.Release|Any CPU.Build.0 = Release|Any CPU
		{50B64119-6A7B-4F5B-8C9F-21C083A3306D}.Release|Mixed Platforms.ActiveCfg = Release|Any CPU
		{50B64119-6A7B-4F5B-8C9F-21C083A3306D}.Release|Mixed Platforms.Build.0 = Release|Any CPU
		{A151B7E1-7251-4642-9E61-1E1ACEDB6A3E}.Daily Build|.NET.ActiveCfg = Debug|Any CPU
		{A151B7E1-7251-4642-9E61-1E1ACEDB6A3E}.Daily Build|Any CPU.ActiveCfg = Debug|Any CPU
		{A151B7E1-7251-4642-9E61-1E1ACEDB6A3E}.Daily Build|Any CPU.Build.0 = Debug|Any CPU
		{A151B7E1-7251-4642-9E61-1E1ACEDB6A3E}.Daily Build|Mixed Platforms.ActiveCfg = Debug|Any CPU
		{A151B7E1-7251-4642-9E61-1E1ACEDB6A3E}.Daily Build|Mixed Platforms.Build.0 = Debug|Any CPU
		{A151B7E1-7251-4642-9E61-1E1ACEDB6A3E}.Debug|.NET.ActiveCfg = Debug|Any CPU
		{A151B7E1-7251-4642-9E61-1E1ACEDB6A3E}.Debug|Any CPU.ActiveCfg = Debug|Any CPU
		{A151B7E1-7251-4642-9E61-1E1ACEDB6A3E}.Debug|Any CPU.Build.0 = Debug|Any CPU
		{A151B7E1-7251-4642-9E61-1E1ACEDB6A3E}.Debug|Mixed Platforms.ActiveCfg = Debug|Any CPU
		{A151B7E1-7251-4642-9E61-1E1ACEDB6A3E}.Debug|Mixed Platforms.Build.0 = Debug|Any CPU
		{A151B7E1-7251-4642-9E61-1E1ACEDB6A3E}.DebugLocal|.NET.ActiveCfg = Debug|Any CPU
		{A151B7E1-7251-4642-9E61-1E1ACEDB6A3E}.DebugLocal|Any CPU.ActiveCfg = Debug|Any CPU
		{A151B7E1-7251-4642-9E61-1E1ACEDB6A3E}.DebugLocal|Any CPU.Build.0 = Debug|Any CPU
		{A151B7E1-7251-4642-9E61-1E1ACEDB6A3E}.DebugLocal|Mixed Platforms.ActiveCfg = Debug|Any CPU
		{A151B7E1-7251-4642-9E61-1E1ACEDB6A3E}.DebugLocal|Mixed Platforms.Build.0 = Debug|Any CPU
		{A151B7E1-7251-4642-9E61-1E1ACEDB6A3E}.Production|.NET.ActiveCfg = Release|Any CPU
		{A151B7E1-7251-4642-9E61-1E1ACEDB6A3E}.Production|Any CPU.ActiveCfg = Release|Any CPU
		{A151B7E1-7251-4642-9E61-1E1ACEDB6A3E}.Production|Any CPU.Build.0 = Release|Any CPU
		{A151B7E1-7251-4642-9E61-1E1ACEDB6A3E}.Production|Mixed Platforms.ActiveCfg = Release|Any CPU
		{A151B7E1-7251-4642-9E61-1E1ACEDB6A3E}.Production|Mixed Platforms.Build.0 = Release|Any CPU
		{A151B7E1-7251-4642-9E61-1E1ACEDB6A3E}.QA|.NET.ActiveCfg = Release|Any CPU
		{A151B7E1-7251-4642-9E61-1E1ACEDB6A3E}.QA|Any CPU.ActiveCfg = Release|Any CPU
		{A151B7E1-7251-4642-9E61-1E1ACEDB6A3E}.QA|Any CPU.Build.0 = Release|Any CPU
		{A151B7E1-7251-4642-9E61-1E1ACEDB6A3E}.QA|Mixed Platforms.ActiveCfg = Release|Any CPU
		{A151B7E1-7251-4642-9E61-1E1ACEDB6A3E}.QA|Mixed Platforms.Build.0 = Release|Any CPU
		{A151B7E1-7251-4642-9E61-1E1ACEDB6A3E}.Release|.NET.ActiveCfg = Release|Any CPU
		{A151B7E1-7251-4642-9E61-1E1ACEDB6A3E}.Release|Any CPU.ActiveCfg = Release|Any CPU
		{A151B7E1-7251-4642-9E61-1E1ACEDB6A3E}.Release|Any CPU.Build.0 = Release|Any CPU
		{A151B7E1-7251-4642-9E61-1E1ACEDB6A3E}.Release|Mixed Platforms.ActiveCfg = Release|Any CPU
		{A151B7E1-7251-4642-9E61-1E1ACEDB6A3E}.Release|Mixed Platforms.Build.0 = Release|Any CPU
		{307E9672-A4C0-4DBC-9A0F-D5C06F1C15DA}.Daily Build|.NET.ActiveCfg = Debug|Any CPU
		{307E9672-A4C0-4DBC-9A0F-D5C06F1C15DA}.Daily Build|Any CPU.ActiveCfg = Debug|Any CPU
		{307E9672-A4C0-4DBC-9A0F-D5C06F1C15DA}.Daily Build|Any CPU.Build.0 = Debug|Any CPU
		{307E9672-A4C0-4DBC-9A0F-D5C06F1C15DA}.Daily Build|Mixed Platforms.ActiveCfg = Debug|Any CPU
		{307E9672-A4C0-4DBC-9A0F-D5C06F1C15DA}.Daily Build|Mixed Platforms.Build.0 = Debug|Any CPU
		{307E9672-A4C0-4DBC-9A0F-D5C06F1C15DA}.Debug|.NET.ActiveCfg = Debug|Any CPU
		{307E9672-A4C0-4DBC-9A0F-D5C06F1C15DA}.Debug|Any CPU.ActiveCfg = Debug|Any CPU
		{307E9672-A4C0-4DBC-9A0F-D5C06F1C15DA}.Debug|Any CPU.Build.0 = Debug|Any CPU
		{307E9672-A4C0-4DBC-9A0F-D5C06F1C15DA}.Debug|Mixed Platforms.ActiveCfg = Debug|Any CPU
		{307E9672-A4C0-4DBC-9A0F-D5C06F1C15DA}.Debug|Mixed Platforms.Build.0 = Debug|Any CPU
		{307E9672-A4C0-4DBC-9A0F-D5C06F1C15DA}.DebugLocal|.NET.ActiveCfg = Debug|Any CPU
		{307E9672-A4C0-4DBC-9A0F-D5C06F1C15DA}.DebugLocal|Any CPU.ActiveCfg = Debug|Any CPU
		{307E9672-A4C0-4DBC-9A0F-D5C06F1C15DA}.DebugLocal|Any CPU.Build.0 = Debug|Any CPU
		{307E9672-A4C0-4DBC-9A0F-D5C06F1C15DA}.DebugLocal|Mixed Platforms.ActiveCfg = Debug|Any CPU
		{307E9672-A4C0-4DBC-9A0F-D5C06F1C15DA}.DebugLocal|Mixed Platforms.Build.0 = Debug|Any CPU
		{307E9672-A4C0-4DBC-9A0F-D5C06F1C15DA}.Production|.NET.ActiveCfg = Release|Any CPU
		{307E9672-A4C0-4DBC-9A0F-D5C06F1C15DA}.Production|Any CPU.ActiveCfg = Release|Any CPU
		{307E9672-A4C0-4DBC-9A0F-D5C06F1C15DA}.Production|Any CPU.Build.0 = Release|Any CPU
		{307E9672-A4C0-4DBC-9A0F-D5C06F1C15DA}.Production|Mixed Platforms.ActiveCfg = Release|Any CPU
		{307E9672-A4C0-4DBC-9A0F-D5C06F1C15DA}.Production|Mixed Platforms.Build.0 = Release|Any CPU
		{307E9672-A4C0-4DBC-9A0F-D5C06F1C15DA}.QA|.NET.ActiveCfg = Release|Any CPU
		{307E9672-A4C0-4DBC-9A0F-D5C06F1C15DA}.QA|Any CPU.ActiveCfg = Release|Any CPU
		{307E9672-A4C0-4DBC-9A0F-D5C06F1C15DA}.QA|Any CPU.Build.0 = Release|Any CPU
		{307E9672-A4C0-4DBC-9A0F-D5C06F1C15DA}.QA|Mixed Platforms.ActiveCfg = Release|Any CPU
		{307E9672-A4C0-4DBC-9A0F-D5C06F1C15DA}.QA|Mixed Platforms.Build.0 = Release|Any CPU
		{307E9672-A4C0-4DBC-9A0F-D5C06F1C15DA}.Release|.NET.ActiveCfg = Release|Any CPU
		{307E9672-A4C0-4DBC-9A0F-D5C06F1C15DA}.Release|Any CPU.ActiveCfg = Release|Any CPU
		{307E9672-A4C0-4DBC-9A0F-D5C06F1C15DA}.Release|Any CPU.Build.0 = Release|Any CPU
		{307E9672-A4C0-4DBC-9A0F-D5C06F1C15DA}.Release|Mixed Platforms.ActiveCfg = Release|Any CPU
		{307E9672-A4C0-4DBC-9A0F-D5C06F1C15DA}.Release|Mixed Platforms.Build.0 = Release|Any CPU
		{A3BD8228-99B3-4E2E-BD0E-D7B7BADC02C8}.Daily Build|.NET.ActiveCfg = DebugLocal
		{A3BD8228-99B3-4E2E-BD0E-D7B7BADC02C8}.Daily Build|.NET.Build.0 = DebugLocal
		{A3BD8228-99B3-4E2E-BD0E-D7B7BADC02C8}.Daily Build|.NET.Deploy.0 = DebugLocal
		{A3BD8228-99B3-4E2E-BD0E-D7B7BADC02C8}.Daily Build|Any CPU.ActiveCfg = DebugLocal
		{A3BD8228-99B3-4E2E-BD0E-D7B7BADC02C8}.Daily Build|Any CPU.Build.0 = DebugLocal
		{A3BD8228-99B3-4E2E-BD0E-D7B7BADC02C8}.Daily Build|Any CPU.Deploy.0 = DebugLocal
		{A3BD8228-99B3-4E2E-BD0E-D7B7BADC02C8}.Daily Build|Mixed Platforms.ActiveCfg = DebugLocal
		{A3BD8228-99B3-4E2E-BD0E-D7B7BADC02C8}.Daily Build|Mixed Platforms.Build.0 = DebugLocal
		{A3BD8228-99B3-4E2E-BD0E-D7B7BADC02C8}.Daily Build|Mixed Platforms.Deploy.0 = DebugLocal
		{A3BD8228-99B3-4E2E-BD0E-D7B7BADC02C8}.Debug|.NET.ActiveCfg = DebugLocal
		{A3BD8228-99B3-4E2E-BD0E-D7B7BADC02C8}.Debug|.NET.Build.0 = DebugLocal
		{A3BD8228-99B3-4E2E-BD0E-D7B7BADC02C8}.Debug|.NET.Deploy.0 = DebugLocal
		{A3BD8228-99B3-4E2E-BD0E-D7B7BADC02C8}.Debug|Any CPU.ActiveCfg = DebugLocal
		{A3BD8228-99B3-4E2E-BD0E-D7B7BADC02C8}.Debug|Any CPU.Build.0 = DebugLocal
		{A3BD8228-99B3-4E2E-BD0E-D7B7BADC02C8}.Debug|Any CPU.Deploy.0 = DebugLocal
		{A3BD8228-99B3-4E2E-BD0E-D7B7BADC02C8}.Debug|Mixed Platforms.ActiveCfg = DebugLocal
		{A3BD8228-99B3-4E2E-BD0E-D7B7BADC02C8}.Debug|Mixed Platforms.Build.0 = DebugLocal
		{A3BD8228-99B3-4E2E-BD0E-D7B7BADC02C8}.Debug|Mixed Platforms.Deploy.0 = DebugLocal
		{A3BD8228-99B3-4E2E-BD0E-D7B7BADC02C8}.DebugLocal|.NET.ActiveCfg = DebugLocal
		{A3BD8228-99B3-4E2E-BD0E-D7B7BADC02C8}.DebugLocal|.NET.Build.0 = DebugLocal
		{A3BD8228-99B3-4E2E-BD0E-D7B7BADC02C8}.DebugLocal|.NET.Deploy.0 = DebugLocal
		{A3BD8228-99B3-4E2E-BD0E-D7B7BADC02C8}.DebugLocal|Any CPU.ActiveCfg = DebugLocal
		{A3BD8228-99B3-4E2E-BD0E-D7B7BADC02C8}.DebugLocal|Any CPU.Build.0 = DebugLocal
		{A3BD8228-99B3-4E2E-BD0E-D7B7BADC02C8}.DebugLocal|Any CPU.Deploy.0 = DebugLocal
		{A3BD8228-99B3-4E2E-BD0E-D7B7BADC02C8}.DebugLocal|Mixed Platforms.ActiveCfg = DebugLocal
		{A3BD8228-99B3-4E2E-BD0E-D7B7BADC02C8}.DebugLocal|Mixed Platforms.Build.0 = DebugLocal
		{A3BD8228-99B3-4E2E-BD0E-D7B7BADC02C8}.DebugLocal|Mixed Platforms.Deploy.0 = DebugLocal
		{A3BD8228-99B3-4E2E-BD0E-D7B7BADC02C8}.Production|.NET.ActiveCfg = Production
		{A3BD8228-99B3-4E2E-BD0E-D7B7BADC02C8}.Production|.NET.Build.0 = Production
		{A3BD8228-99B3-4E2E-BD0E-D7B7BADC02C8}.Production|.NET.Deploy.0 = Production
		{A3BD8228-99B3-4E2E-BD0E-D7B7BADC02C8}.Production|Any CPU.ActiveCfg = Production
		{A3BD8228-99B3-4E2E-BD0E-D7B7BADC02C8}.Production|Any CPU.Build.0 = Production
		{A3BD8228-99B3-4E2E-BD0E-D7B7BADC02C8}.Production|Any CPU.Deploy.0 = Production
		{A3BD8228-99B3-4E2E-BD0E-D7B7BADC02C8}.Production|Mixed Platforms.ActiveCfg = Production
		{A3BD8228-99B3-4E2E-BD0E-D7B7BADC02C8}.Production|Mixed Platforms.Build.0 = Production
		{A3BD8228-99B3-4E2E-BD0E-D7B7BADC02C8}.Production|Mixed Platforms.Deploy.0 = Production
		{A3BD8228-99B3-4E2E-BD0E-D7B7BADC02C8}.QA|.NET.ActiveCfg = Production
		{A3BD8228-99B3-4E2E-BD0E-D7B7BADC02C8}.QA|.NET.Build.0 = Production
		{A3BD8228-99B3-4E2E-BD0E-D7B7BADC02C8}.QA|.NET.Deploy.0 = Production
		{A3BD8228-99B3-4E2E-BD0E-D7B7BADC02C8}.QA|Any CPU.ActiveCfg = Production
		{A3BD8228-99B3-4E2E-BD0E-D7B7BADC02C8}.QA|Any CPU.Build.0 = Production
		{A3BD8228-99B3-4E2E-BD0E-D7B7BADC02C8}.QA|Any CPU.Deploy.0 = Production
		{A3BD8228-99B3-4E2E-BD0E-D7B7BADC02C8}.QA|Mixed Platforms.ActiveCfg = Production
		{A3BD8228-99B3-4E2E-BD0E-D7B7BADC02C8}.QA|Mixed Platforms.Build.0 = Production
		{A3BD8228-99B3-4E2E-BD0E-D7B7BADC02C8}.QA|Mixed Platforms.Deploy.0 = Production
		{A3BD8228-99B3-4E2E-BD0E-D7B7BADC02C8}.Release|.NET.ActiveCfg = Production
		{A3BD8228-99B3-4E2E-BD0E-D7B7BADC02C8}.Release|.NET.Build.0 = Production
		{A3BD8228-99B3-4E2E-BD0E-D7B7BADC02C8}.Release|.NET.Deploy.0 = Production
		{A3BD8228-99B3-4E2E-BD0E-D7B7BADC02C8}.Release|Any CPU.ActiveCfg = Production
		{A3BD8228-99B3-4E2E-BD0E-D7B7BADC02C8}.Release|Any CPU.Build.0 = Production
		{A3BD8228-99B3-4E2E-BD0E-D7B7BADC02C8}.Release|Any CPU.Deploy.0 = Production
		{A3BD8228-99B3-4E2E-BD0E-D7B7BADC02C8}.Release|Mixed Platforms.ActiveCfg = Production
		{A3BD8228-99B3-4E2E-BD0E-D7B7BADC02C8}.Release|Mixed Platforms.Build.0 = Production
		{A3BD8228-99B3-4E2E-BD0E-D7B7BADC02C8}.Release|Mixed Platforms.Deploy.0 = Production
		{E72ED6DB-2499-4AB5-AE10-87FDB017625B}.Daily Build|.NET.ActiveCfg = Debug
		{E72ED6DB-2499-4AB5-AE10-87FDB017625B}.Daily Build|Any CPU.ActiveCfg = Debug
		{E72ED6DB-2499-4AB5-AE10-87FDB017625B}.Daily Build|Mixed Platforms.ActiveCfg = Debug
		{E72ED6DB-2499-4AB5-AE10-87FDB017625B}.Debug|.NET.ActiveCfg = Debug
		{E72ED6DB-2499-4AB5-AE10-87FDB017625B}.Debug|Any CPU.ActiveCfg = Debug
		{E72ED6DB-2499-4AB5-AE10-87FDB017625B}.Debug|Mixed Platforms.ActiveCfg = Debug
		{E72ED6DB-2499-4AB5-AE10-87FDB017625B}.DebugLocal|.NET.ActiveCfg = Debug
		{E72ED6DB-2499-4AB5-AE10-87FDB017625B}.DebugLocal|Any CPU.ActiveCfg = Debug
		{E72ED6DB-2499-4AB5-AE10-87FDB017625B}.DebugLocal|Mixed Platforms.ActiveCfg = Debug
		{E72ED6DB-2499-4AB5-AE10-87FDB017625B}.Production|.NET.ActiveCfg = Release
		{E72ED6DB-2499-4AB5-AE10-87FDB017625B}.Production|Any CPU.ActiveCfg = Release
		{E72ED6DB-2499-4AB5-AE10-87FDB017625B}.Production|Mixed Platforms.ActiveCfg = Release
		{E72ED6DB-2499-4AB5-AE10-87FDB017625B}.QA|.NET.ActiveCfg = Release
		{E72ED6DB-2499-4AB5-AE10-87FDB017625B}.QA|Any CPU.ActiveCfg = Release
		{E72ED6DB-2499-4AB5-AE10-87FDB017625B}.QA|Mixed Platforms.ActiveCfg = Release
		{E72ED6DB-2499-4AB5-AE10-87FDB017625B}.Release|.NET.ActiveCfg = Release
		{E72ED6DB-2499-4AB5-AE10-87FDB017625B}.Release|Any CPU.ActiveCfg = Release
		{E72ED6DB-2499-4AB5-AE10-87FDB017625B}.Release|Mixed Platforms.ActiveCfg = Release
		{126F9A4C-B80D-4E2C-9EF1-DD9EB0002EFE}.Daily Build|.NET.ActiveCfg = Debug|.NET
		{126F9A4C-B80D-4E2C-9EF1-DD9EB0002EFE}.Daily Build|.NET.Build.0 = Debug|.NET
		{126F9A4C-B80D-4E2C-9EF1-DD9EB0002EFE}.Daily Build|Any CPU.ActiveCfg = Debug|.NET
		{126F9A4C-B80D-4E2C-9EF1-DD9EB0002EFE}.Daily Build|Mixed Platforms.ActiveCfg = Debug|.NET
		{126F9A4C-B80D-4E2C-9EF1-DD9EB0002EFE}.Daily Build|Mixed Platforms.Build.0 = Debug|.NET
		{126F9A4C-B80D-4E2C-9EF1-DD9EB0002EFE}.Debug|.NET.ActiveCfg = Debug|.NET
		{126F9A4C-B80D-4E2C-9EF1-DD9EB0002EFE}.Debug|.NET.Build.0 = Debug|.NET
		{126F9A4C-B80D-4E2C-9EF1-DD9EB0002EFE}.Debug|Any CPU.ActiveCfg = Debug|.NET
		{126F9A4C-B80D-4E2C-9EF1-DD9EB0002EFE}.Debug|Mixed Platforms.ActiveCfg = Debug|.NET
		{126F9A4C-B80D-4E2C-9EF1-DD9EB0002EFE}.Debug|Mixed Platforms.Build.0 = Debug|.NET
		{126F9A4C-B80D-4E2C-9EF1-DD9EB0002EFE}.DebugLocal|.NET.ActiveCfg = Debug|.NET
		{126F9A4C-B80D-4E2C-9EF1-DD9EB0002EFE}.DebugLocal|.NET.Build.0 = Debug|.NET
		{126F9A4C-B80D-4E2C-9EF1-DD9EB0002EFE}.DebugLocal|Any CPU.ActiveCfg = Debug|.NET
		{126F9A4C-B80D-4E2C-9EF1-DD9EB0002EFE}.DebugLocal|Mixed Platforms.ActiveCfg = Debug|.NET
		{126F9A4C-B80D-4E2C-9EF1-DD9EB0002EFE}.DebugLocal|Mixed Platforms.Build.0 = Debug|.NET
		{126F9A4C-B80D-4E2C-9EF1-DD9EB0002EFE}.Production|.NET.ActiveCfg = Debug|.NET
		{126F9A4C-B80D-4E2C-9EF1-DD9EB0002EFE}.Production|.NET.Build.0 = Debug|.NET
		{126F9A4C-B80D-4E2C-9EF1-DD9EB0002EFE}.Production|Any CPU.ActiveCfg = Debug|.NET
		{126F9A4C-B80D-4E2C-9EF1-DD9EB0002EFE}.Production|Mixed Platforms.ActiveCfg = Debug|.NET
		{126F9A4C-B80D-4E2C-9EF1-DD9EB0002EFE}.Production|Mixed Platforms.Build.0 = Debug|.NET
		{126F9A4C-B80D-4E2C-9EF1-DD9EB0002EFE}.QA|.NET.ActiveCfg = Debug|.NET
		{126F9A4C-B80D-4E2C-9EF1-DD9EB0002EFE}.QA|.NET.Build.0 = Debug|.NET
		{126F9A4C-B80D-4E2C-9EF1-DD9EB0002EFE}.QA|Any CPU.ActiveCfg = Debug|.NET
		{126F9A4C-B80D-4E2C-9EF1-DD9EB0002EFE}.QA|Mixed Platforms.ActiveCfg = Debug|.NET
		{126F9A4C-B80D-4E2C-9EF1-DD9EB0002EFE}.QA|Mixed Platforms.Build.0 = Debug|.NET
		{126F9A4C-B80D-4E2C-9EF1-DD9EB0002EFE}.Release|.NET.ActiveCfg = Debug|.NET
		{126F9A4C-B80D-4E2C-9EF1-DD9EB0002EFE}.Release|.NET.Build.0 = Debug|.NET
		{126F9A4C-B80D-4E2C-9EF1-DD9EB0002EFE}.Release|Any CPU.ActiveCfg = Debug|.NET
		{126F9A4C-B80D-4E2C-9EF1-DD9EB0002EFE}.Release|Mixed Platforms.ActiveCfg = Debug|.NET
		{126F9A4C-B80D-4E2C-9EF1-DD9EB0002EFE}.Release|Mixed Platforms.Build.0 = Debug|.NET
		{35531058-750D-4F30-9785-A7A38B06E3FF}.Daily Build|.NET.ActiveCfg = Debug
		{35531058-750D-4F30-9785-A7A38B06E3FF}.Daily Build|Any CPU.ActiveCfg = Debug
		{35531058-750D-4F30-9785-A7A38B06E3FF}.Daily Build|Mixed Platforms.ActiveCfg = Debug
		{35531058-750D-4F30-9785-A7A38B06E3FF}.Debug|.NET.ActiveCfg = Debug
		{35531058-750D-4F30-9785-A7A38B06E3FF}.Debug|Any CPU.ActiveCfg = Debug
		{35531058-750D-4F30-9785-A7A38B06E3FF}.Debug|Mixed Platforms.ActiveCfg = Debug
		{35531058-750D-4F30-9785-A7A38B06E3FF}.DebugLocal|.NET.ActiveCfg = Debug
		{35531058-750D-4F30-9785-A7A38B06E3FF}.DebugLocal|Any CPU.ActiveCfg = Debug
		{35531058-750D-4F30-9785-A7A38B06E3FF}.DebugLocal|Mixed Platforms.ActiveCfg = Debug
		{35531058-750D-4F30-9785-A7A38B06E3FF}.Production|.NET.ActiveCfg = Release
		{35531058-750D-4F30-9785-A7A38B06E3FF}.Production|Any CPU.ActiveCfg = Release
		{35531058-750D-4F30-9785-A7A38B06E3FF}.Production|Mixed Platforms.ActiveCfg = Release
		{35531058-750D-4F30-9785-A7A38B06E3FF}.QA|.NET.ActiveCfg = Release
		{35531058-750D-4F30-9785-A7A38B06E3FF}.QA|Any CPU.ActiveCfg = Release
		{35531058-750D-4F30-9785-A7A38B06E3FF}.QA|Mixed Platforms.ActiveCfg = Release
		{35531058-750D-4F30-9785-A7A38B06E3FF}.Release|.NET.ActiveCfg = Release
		{35531058-750D-4F30-9785-A7A38B06E3FF}.Release|Any CPU.ActiveCfg = Release
		{35531058-750D-4F30-9785-A7A38B06E3FF}.Release|Mixed Platforms.ActiveCfg = Release
	EndGlobalSection
	GlobalSection(SolutionProperties) = preSolution
		HideSolutionNode = FALSE
	EndGlobalSection
EndGlobal
